# THIS IS AN AUTOGENERATED FILE. DO NOT EDIT THIS FILE DIRECTLY.
# yarn lockfile v1


"@mobily/ts-belt@^3.13.1":
  version "3.13.1"
  resolved "https://registry.yarnpkg.com/@mobily/ts-belt/-/ts-belt-3.13.1.tgz#8f8ce2a2eca41d88c2ca70c84d0f47d0f7f5cd5f"
  integrity sha512-K5KqIhPI/EoCTbA6CGbrenM9s41OouyK8A03fGJJcla/zKucsgLbz8HNbeseoLarRPgyWJsUyCYqFhI7t3Ra9Q==
